
Microsoft Visual Studio Solution File, Format Version 12.00
# Visual Studio Version 16
VisualStudioVersion = 16.0.30907.101
MinimumVisualStudioVersion = 10.0.40219.1
Project("{FAE04EC0-301F-11D3-BF4B-00C04F79EFBC}") = "PrintedPaperStore", "PrintedPaperStore\PrintedPaperStore.csproj", "{6C05D525-D3B2-4505-9DCE-648D586F0617}"
EndProject
Project("{FAE04EC0-301F-11D3-BF4B-00C04F79EFBC}") = "PrintedPaperStore.Models", "PrintedPaperStore.Models\PrintedPaperStore.Models.csproj", "{9C862318-A5E5-4C69-BF5C-631DFFF00FBD}"
EndProject
Project("{FAE04EC0-301F-11D3-BF4B-00C04F79EFBC}") = "PrintedPaperStore.Data", "PrintedPaperStore.Data\PrintedPaperStore.Data.csproj", "{B9011A65-ED39-4E9C-A865-A3E1E44656C9}"
EndProject
Project("{FAE04EC0-301F-11D3-BF4B-00C04F79EFBC}") = "PrintedPaperStore.Services", "PrintedPaperStore.Services\PrintedPaperStore.Services.csproj", "{76F5E9D5-A59B-4416-BA7B-FFE1684D25DB}"
EndProject
Global
	GlobalSection(SolutionConfigurationPlatforms) = preSolution
		Debug|Any CPU = Debug|Any CPU
		Release|Any CPU = Release|Any CPU
	EndGlobalSection
	GlobalSection(ProjectConfigurationPlatforms) = postSolution
		{6C05D525-D3B2-4505-9DCE-648D586F0617}.Debug|Any CPU.ActiveCfg = Debug|Any CPU
		{6C05D525-D3B2-4505-9DCE-648D586F0617}.Debug|Any CPU.Build.0 = Debug|Any CPU
		{6C05D525-D3B2-4505-9DCE-648D586F0617}.Release|Any CPU.ActiveCfg = Release|Any CPU
		{6C05D525-D3B2-4505-9DCE-648D586F0617}.Release|Any CPU.Build.0 = Release|Any CPU
		{9C862318-A5E5-4C69-BF5C-631DFFF00FBD}.Debug|Any CPU.ActiveCfg = Debug|Any CPU
		{9C862318-A5E5-4C69-BF5C-631DFFF00FBD}.Debug|Any CPU.Build.0 = Debug|Any CPU
		{9C862318-A5E5-4C69-BF5C-631DFFF00FBD}.Release|Any CPU.ActiveCfg = Release|Any CPU
		{9C862318-A5E5-4C69-BF5C-631DFFF00FBD}.Release|Any CPU.Build.0 = Release|Any CPU
		{B9011A65-ED39-4E9C-A865-A3E1E44656C9}.Debug|Any CPU.ActiveCfg = Debug|Any CPU
		{B9011A65-ED39-4E9C-A865-A3E1E44656C9}.Debug|Any CPU.Build.0 = Debug|Any CPU
		{B9011A65-ED39-4E9C-A865-A3E1E44656C9}.Release|Any CPU.ActiveCfg = Release|Any CPU
		{B9011A65-ED39-4E9C-A865-A3E1E44656C9}.Release|Any CPU.Build.0 = Release|Any CPU
		{76F5E9D5-A59B-4416-BA7B-FFE1684D25DB}.Debug|Any CPU.ActiveCfg = Debug|Any CPU
		{76F5E9D5-A59B-4416-BA7B-FFE1684D25DB}.Debug|Any CPU.Build.0 = Debug|Any CPU
		{76F5E9D5-A59B-4416-BA7B-FFE1684D25DB}.Release|Any CPU.ActiveCfg = Release|Any CPU
		{76F5E9D5-A59B-4416-BA7B-FFE1684D25DB}.Release|Any CPU.Build.0 = Release|Any CPU
	EndGlobalSection
	GlobalSection(SolutionProperties) = preSolution
		HideSolutionNode = FALSE
	EndGlobalSection
	GlobalSection(ExtensibilityGlobals) = postSolution
		SolutionGuid = {01C035DB-76FE-4EB7-95EE-0AA95112482A}
	EndGlobalSection
EndGlobal
